
Microsoft Visual Studio Solution File, Format Version 12.00
# Visual Studio 14
VisualStudioVersion = 14.0.23107.0
MinimumVisualStudioVersion = 10.0.40219.1
Project("{FAE04EC0-301F-11D3-BF4B-00C04F79EFBC}") = "BlogApplication.Console", "BlogApplication.Console\BlogApplication.Console.csproj", "{8C4EF9D1-F180-4FE4-BF59-056A73589865}"
EndProject
Project("{FAE04EC0-301F-11D3-BF4B-00C04F79EFBC}") = "BlogApplication.Site", "BlogApplication.Site\BlogApplication.Site.csproj", "{A0B05D44-B30E-4E71-B7DC-75B51F03936E}"
EndProject
Project("{FAE04EC0-301F-11D3-BF4B-00C04F79EFBC}") = "BlogApplication.Connection", "BlogApplication.Connection\BlogApplication.Connection.csproj", "{323D3D31-AB68-4BD4-8F3F-BCE9BA9C9D2F}"
EndProject
Project("{FAE04EC0-301F-11D3-BF4B-00C04F79EFBC}") = "BlogApplication.Entity", "BlogApplication.Entity\BlogApplication.Entity.csproj", "{D5E8CE43-8139-4B67-99C2-DFBD443C70CC}"
EndProject
Project("{FAE04EC0-301F-11D3-BF4B-00C04F79EFBC}") = "BlogApplication.Data", "BlogApplication.Data\BlogApplication.Data.csproj", "{20DB5A9F-B84A-4AB5-BB2D-689CF0DC79ED}"
EndProject
Project("{FAE04EC0-301F-11D3-BF4B-00C04F79EFBC}") = "BlogApplication.LogService", "BlogApplication.LogService\BlogApplication.LogService.csproj", "{8D52C609-DC08-4112-8587-4B7D7AB416B8}"
EndProject
Project("{FAE04EC0-301F-11D3-BF4B-00C04F79EFBC}") = "BlogApplication.ReadService", "BlogApplication.ReadService\BlogApplication.ReadService.csproj", "{84B83218-561A-4C19-B305-51BDAAA245C7}"
EndProject
Project("{FAE04EC0-301F-11D3-BF4B-00C04F79EFBC}") = "BlogApplication.WriteService", "BlogApplication.WriteService\BlogApplication.WriteService.csproj", "{341F7517-234D-4D9B-A31C-11795C557A0B}"
EndProject
Project("{FAE04EC0-301F-11D3-BF4B-00C04F79EFBC}") = "BlogApplication.ServiceLibrary", "BlogApplication.ServiceLibrary\BlogApplication.ServiceLibrary.csproj", "{BED17D87-59FB-4D64-8562-4E8B3C57985B}"
EndProject
Project("{FAE04EC0-301F-11D3-BF4B-00C04F79EFBC}") = "BlogApplication.ServiceConnection", "BlogApplication.ServiceConnection\BlogApplication.ServiceConnection.csproj", "{23705D22-1A85-471A-BD35-FBFA853C9FE8}"
EndProject
Project("{2150E333-8FDC-42A3-9474-1A3956D46DE8}") = "View", "View", "{9B639744-5B7A-4D1B-8DA5-5805AD12A9E1}"
EndProject
Project("{2150E333-8FDC-42A3-9474-1A3956D46DE8}") = "Data", "Data", "{D2EE097C-38C9-4B26-817F-50502B098FAE}"
EndProject
Project("{2150E333-8FDC-42A3-9474-1A3956D46DE8}") = "Service", "Service", "{642323E3-DBCE-4114-99BD-CB18A5B7A38E}"
EndProject
Project("{2150E333-8FDC-42A3-9474-1A3956D46DE8}") = "Framework", "Framework", "{84468390-D465-40DC-8857-EA44B556D76A}"
EndProject
Project("{FAE04EC0-301F-11D3-BF4B-00C04F79EFBC}") = "BlogApplication.Framework", "BlogApplication.Framework\BlogApplication.Framework.csproj", "{9C27C668-4F4E-4CB3-A184-F7D18F8F6319}"
EndProject
Project("{2150E333-8FDC-42A3-9474-1A3956D46DE8}") = "Business", "Business", "{6F1475A8-1685-4B00-9E27-EDC1B2F2E949}"
EndProject
Project("{FAE04EC0-301F-11D3-BF4B-00C04F79EFBC}") = "BlogApplication.BusinessLayer", "BlogApplication.BusinessLayer\BlogApplication.BusinessLayer.csproj", "{3CE95176-1B18-42FC-9068-988CD6D2D4AD}"
EndProject
Project("{FAE04EC0-301F-11D3-BF4B-00C04F79EFBC}") = "BlogApplication.WebFramework", "BlogApplication.WebFramework\BlogApplication.WebFramework.csproj", "{7EA61649-408A-448F-B497-A45078BC395F}"
EndProject
Project("{FAE04EC0-301F-11D3-BF4B-00C04F79EFBC}") = "BlogApplication.MainSite", "BlogApplication.MainSite\BlogApplication.MainSite.csproj", "{40621147-74CF-4089-A6C0-8DE424B3CC09}"
EndProject
Global
	GlobalSection(SolutionConfigurationPlatforms) = preSolution
		Debug|Any CPU = Debug|Any CPU
		Debug|x86 = Debug|x86
		Release|Any CPU = Release|Any CPU
		Release|x86 = Release|x86
	EndGlobalSection
	GlobalSection(ProjectConfigurationPlatforms) = postSolution
		{8C4EF9D1-F180-4FE4-BF59-056A73589865}.Debug|Any CPU.ActiveCfg = Debug|Any CPU
		{8C4EF9D1-F180-4FE4-BF59-056A73589865}.Debug|Any CPU.Build.0 = Debug|Any CPU
		{8C4EF9D1-F180-4FE4-BF59-056A73589865}.Debug|x86.ActiveCfg = Debug|Any CPU
		{8C4EF9D1-F180-4FE4-BF59-056A73589865}.Debug|x86.Build.0 = Debug|Any CPU
		{8C4EF9D1-F180-4FE4-BF59-056A73589865}.Release|Any CPU.ActiveCfg = Release|Any CPU
		{8C4EF9D1-F180-4FE4-BF59-056A73589865}.Release|Any CPU.Build.0 = Release|Any CPU
		{8C4EF9D1-F180-4FE4-BF59-056A73589865}.Release|x86.ActiveCfg = Release|Any CPU
		{8C4EF9D1-F180-4FE4-BF59-056A73589865}.Release|x86.Build.0 = Release|Any CPU
		{A0B05D44-B30E-4E71-B7DC-75B51F03936E}.Debug|Any CPU.ActiveCfg = Debug|Any CPU
		{A0B05D44-B30E-4E71-B7DC-75B51F03936E}.Debug|Any CPU.Build.0 = Debug|Any CPU
		{A0B05D44-B30E-4E71-B7DC-75B51F03936E}.Debug|x86.ActiveCfg = Debug|Any CPU
		{A0B05D44-B30E-4E71-B7DC-75B51F03936E}.Debug|x86.Build.0 = Debug|Any CPU
		{A0B05D44-B30E-4E71-B7DC-75B51F03936E}.Release|Any CPU.ActiveCfg = Release|Any CPU
		{A0B05D44-B30E-4E71-B7DC-75B51F03936E}.Release|Any CPU.Build.0 = Release|Any CPU
		{A0B05D44-B30E-4E71-B7DC-75B51F03936E}.Release|x86.ActiveCfg = Release|Any CPU
		{A0B05D44-B30E-4E71-B7DC-75B51F03936E}.Release|x86.Build.0 = Release|Any CPU
		{323D3D31-AB68-4BD4-8F3F-BCE9BA9C9D2F}.Debug|Any CPU.ActiveCfg = Debug|Any CPU
		{323D3D31-AB68-4BD4-8F3F-BCE9BA9C9D2F}.Debug|Any CPU.Build.0 = Debug|Any CPU
		{323D3D31-AB68-4BD4-8F3F-BCE9BA9C9D2F}.Debug|x86.ActiveCfg = Debug|Any CPU
		{323D3D31-AB68-4BD4-8F3F-BCE9BA9C9D2F}.Debug|x86.Build.0 = Debug|Any CPU
		{323D3D31-AB68-4BD4-8F3F-BCE9BA9C9D2F}.Release|Any CPU.ActiveCfg = Release|Any CPU
		{323D3D31-AB68-4BD4-8F3F-BCE9BA9C9D2F}.Release|Any CPU.Build.0 = Release|Any CPU
		{323D3D31-AB68-4BD4-8F3F-BCE9BA9C9D2F}.Release|x86.ActiveCfg = Release|Any CPU
		{323D3D31-AB68-4BD4-8F3F-BCE9BA9C9D2F}.Release|x86.Build.0 = Release|Any CPU
		{D5E8CE43-8139-4B67-99C2-DFBD443C70CC}.Debug|Any CPU.ActiveCfg = Debug|Any CPU
		{D5E8CE43-8139-4B67-99C2-DFBD443C70CC}.Debug|Any CPU.Build.0 = Debug|Any CPU
		{D5E8CE43-8139-4B67-99C2-DFBD443C70CC}.Debug|x86.ActiveCfg = Debug|Any CPU
		{D5E8CE43-8139-4B67-99C2-DFBD443C70CC}.Debug|x86.Build.0 = Debug|Any CPU
		{D5E8CE43-8139-4B67-99C2-DFBD443C70CC}.Release|Any CPU.ActiveCfg = Release|Any CPU
		{D5E8CE43-8139-4B67-99C2-DFBD443C70CC}.Release|Any CPU.Build.0 = Release|Any CPU
		{D5E8CE43-8139-4B67-99C2-DFBD443C70CC}.Release|x86.ActiveCfg = Release|Any CPU
		{D5E8CE43-8139-4B67-99C2-DFBD443C70CC}.Release|x86.Build.0 = Release|Any CPU
		{20DB5A9F-B84A-4AB5-BB2D-689CF0DC79ED}.Debug|Any CPU.ActiveCfg = Debug|Any CPU
		{20DB5A9F-B84A-4AB5-BB2D-689CF0DC79ED}.Debug|Any CPU.Build.0 = Debug|Any CPU
		{20DB5A9F-B84A-4AB5-BB2D-689CF0DC79ED}.Debug|x86.ActiveCfg = Debug|Any CPU
		{20DB5A9F-B84A-4AB5-BB2D-689CF0DC79ED}.Debug|x86.Build.0 = Debug|Any CPU
		{20DB5A9F-B84A-4AB5-BB2D-689CF0DC79ED}.Release|Any CPU.ActiveCfg = Release|Any CPU
		{20DB5A9F-B84A-4AB5-BB2D-689CF0DC79ED}.Release|Any CPU.Build.0 = Release|Any CPU
		{20DB5A9F-B84A-4AB5-BB2D-689CF0DC79ED}.Release|x86.ActiveCfg = Release|Any CPU
		{20DB5A9F-B84A-4AB5-BB2D-689CF0DC79ED}.Release|x86.Build.0 = Release|Any CPU
		{8D52C609-DC08-4112-8587-4B7D7AB416B8}.Debug|Any CPU.ActiveCfg = Debug|Any CPU
		{8D52C609-DC08-4112-8587-4B7D7AB416B8}.Debug|Any CPU.Build.0 = Debug|Any CPU
		{8D52C609-DC08-4112-8587-4B7D7AB416B8}.Debug|x86.ActiveCfg = Debug|Any CPU
		{8D52C609-DC08-4112-8587-4B7D7AB416B8}.Debug|x86.Build.0 = Debug|Any CPU
		{8D52C609-DC08-4112-8587-4B7D7AB416B8}.Release|Any CPU.ActiveCfg = Release|Any CPU
		{8D52C609-DC08-4112-8587-4B7D7AB416B8}.Release|Any CPU.Build.0 = Release|Any CPU
		{8D52C609-DC08-4112-8587-4B7D7AB416B8}.Release|x86.ActiveCfg = Release|Any CPU
		{8D52C609-DC08-4112-8587-4B7D7AB416B8}.Release|x86.Build.0 = Release|Any CPU
		{84B83218-561A-4C19-B305-51BDAAA245C7}.Debug|Any CPU.ActiveCfg = Debug|Any CPU
		{84B83218-561A-4C19-B305-51BDAAA245C7}.Debug|Any CPU.Build.0 = Debug|Any CPU
		{84B83218-561A-4C19-B305-51BDAAA245C7}.Debug|x86.ActiveCfg = Debug|Any CPU
		{84B83218-561A-4C19-B305-51BDAAA245C7}.Debug|x86.Build.0 = Debug|Any CPU
		{84B83218-561A-4C19-B305-51BDAAA245C7}.Release|Any CPU.ActiveCfg = Release|Any CPU
		{84B83218-561A-4C19-B305-51BDAAA245C7}.Release|Any CPU.Build.0 = Release|Any CPU
		{84B83218-561A-4C19-B305-51BDAAA245C7}.Release|x86.ActiveCfg = Release|Any CPU
		{84B83218-561A-4C19-B305-51BDAAA245C7}.Release|x86.Build.0 = Release|Any CPU
		{341F7517-234D-4D9B-A31C-11795C557A0B}.Debug|Any CPU.ActiveCfg = Debug|Any CPU
		{341F7517-234D-4D9B-A31C-11795C557A0B}.Debug|Any CPU.Build.0 = Debug|Any CPU
		{341F7517-234D-4D9B-A31C-11795C557A0B}.Debug|x86.ActiveCfg = Debug|Any CPU
		{341F7517-234D-4D9B-A31C-11795C557A0B}.Debug|x86.Build.0 = Debug|Any CPU
		{341F7517-234D-4D9B-A31C-11795C557A0B}.Release|Any CPU.ActiveCfg = Release|Any CPU
		{341F7517-234D-4D9B-A31C-11795C557A0B}.Release|Any CPU.Build.0 = Release|Any CPU
		{341F7517-234D-4D9B-A31C-11795C557A0B}.Release|x86.ActiveCfg = Release|Any CPU
		{341F7517-234D-4D9B-A31C-11795C557A0B}.Release|x86.Build.0 = Release|Any CPU
		{BED17D87-59FB-4D64-8562-4E8B3C57985B}.Debug|Any CPU.ActiveCfg = Debug|Any CPU
		{BED17D87-59FB-4D64-8562-4E8B3C57985B}.Debug|Any CPU.Build.0 = Debug|Any CPU
		{BED17D87-59FB-4D64-8562-4E8B3C57985B}.Debug|x86.ActiveCfg = Debug|Any CPU
		{BED17D87-59FB-4D64-8562-4E8B3C57985B}.Debug|x86.Build.0 = Debug|Any CPU
		{BED17D87-59FB-4D64-8562-4E8B3C57985B}.Release|Any CPU.ActiveCfg = Release|Any CPU
		{BED17D87-59FB-4D64-8562-4E8B3C57985B}.Release|Any CPU.Build.0 = Release|Any CPU
		{BED17D87-59FB-4D64-8562-4E8B3C57985B}.Release|x86.ActiveCfg = Release|Any CPU
		{BED17D87-59FB-4D64-8562-4E8B3C57985B}.Release|x86.Build.0 = Release|Any CPU
		{23705D22-1A85-471A-BD35-FBFA853C9FE8}.Debug|Any CPU.ActiveCfg = Debug|Any CPU
		{23705D22-1A85-471A-BD35-FBFA853C9FE8}.Debug|Any CPU.Build.0 = Debug|Any CPU
		{23705D22-1A85-471A-BD35-FBFA853C9FE8}.Debug|x86.ActiveCfg = Debug|Any CPU
		{23705D22-1A85-471A-BD35-FBFA853C9FE8}.Debug|x86.Build.0 = Debug|Any CPU
		{23705D22-1A85-471A-BD35-FBFA853C9FE8}.Release|Any CPU.ActiveCfg = Release|Any CPU
		{23705D22-1A85-471A-BD35-FBFA853C9FE8}.Release|Any CPU.Build.0 = Release|Any CPU
		{23705D22-1A85-471A-BD35-FBFA853C9FE8}.Release|x86.ActiveCfg = Release|Any CPU
		{23705D22-1A85-471A-BD35-FBFA853C9FE8}.Release|x86.Build.0 = Release|Any CPU
		{9C27C668-4F4E-4CB3-A184-F7D18F8F6319}.Debug|Any CPU.ActiveCfg = Debug|Any CPU
		{9C27C668-4F4E-4CB3-A184-F7D18F8F6319}.Debug|Any CPU.Build.0 = Debug|Any CPU
		{9C27C668-4F4E-4CB3-A184-F7D18F8F6319}.Debug|x86.ActiveCfg = Debug|Any CPU
		{9C27C668-4F4E-4CB3-A184-F7D18F8F6319}.Debug|x86.Build.0 = Debug|Any CPU
		{9C27C668-4F4E-4CB3-A184-F7D18F8F6319}.Release|Any CPU.ActiveCfg = Release|Any CPU
		{9C27C668-4F4E-4CB3-A184-F7D18F8F6319}.Release|Any CPU.Build.0 = Release|Any CPU
		{9C27C668-4F4E-4CB3-A184-F7D18F8F6319}.Release|x86.ActiveCfg = Release|Any CPU
		{9C27C668-4F4E-4CB3-A184-F7D18F8F6319}.Release|x86.Build.0 = Release|Any CPU
		{3CE95176-1B18-42FC-9068-988CD6D2D4AD}.Debug|Any CPU.ActiveCfg = Debug|Any CPU
		{3CE95176-1B18-42FC-9068-988CD6D2D4AD}.Debug|Any CPU.Build.0 = Debug|Any CPU
		{3CE95176-1B18-42FC-9068-988CD6D2D4AD}.Debug|x86.ActiveCfg = Debug|Any CPU
		{3CE95176-1B18-42FC-9068-988CD6D2D4AD}.Debug|x86.Build.0 = Debug|Any CPU
		{3CE95176-1B18-42FC-9068-988CD6D2D4AD}.Release|Any CPU.ActiveCfg = Release|Any CPU
		{3CE95176-1B18-42FC-9068-988CD6D2D4AD}.Release|Any CPU.Build.0 = Release|Any CPU
		{3CE95176-1B18-42FC-9068-988CD6D2D4AD}.Release|x86.ActiveCfg = Release|Any CPU
		{3CE95176-1B18-42FC-9068-988CD6D2D4AD}.Release|x86.Build.0 = Release|Any CPU
		{7EA61649-408A-448F-B497-A45078BC395F}.Debug|Any CPU.ActiveCfg = Debug|Any CPU
		{7EA61649-408A-448F-B497-A45078BC395F}.Debug|Any CPU.Build.0 = Debug|Any CPU
		{7EA61649-408A-448F-B497-A45078BC395F}.Debug|x86.ActiveCfg = Debug|Any CPU
		{7EA61649-408A-448F-B497-A45078BC395F}.Debug|x86.Build.0 = Debug|Any CPU
		{7EA61649-408A-448F-B497-A45078BC395F}.Release|Any CPU.ActiveCfg = Release|Any CPU
		{7EA61649-408A-448F-B497-A45078BC395F}.Release|Any CPU.Build.0 = Release|Any CPU
		{7EA61649-408A-448F-B497-A45078BC395F}.Release|x86.ActiveCfg = Release|Any CPU
		{7EA61649-408A-448F-B497-A45078BC395F}.Release|x86.Build.0 = Release|Any CPU
		{40621147-74CF-4089-A6C0-8DE424B3CC09}.Debug|Any CPU.ActiveCfg = Debug|Any CPU
		{40621147-74CF-4089-A6C0-8DE424B3CC09}.Debug|Any CPU.Build.0 = Debug|Any CPU
		{40621147-74CF-4089-A6C0-8DE424B3CC09}.Debug|x86.ActiveCfg = Debug|Any CPU
		{40621147-74CF-4089-A6C0-8DE424B3CC09}.Debug|x86.Build.0 = Debug|Any CPU
		{40621147-74CF-4089-A6C0-8DE424B3CC09}.Release|Any CPU.ActiveCfg = Release|Any CPU
		{40621147-74CF-4089-A6C0-8DE424B3CC09}.Release|Any CPU.Build.0 = Release|Any CPU
		{40621147-74CF-4089-A6C0-8DE424B3CC09}.Release|x86.ActiveCfg = Release|Any CPU
		{40621147-74CF-4089-A6C0-8DE424B3CC09}.Release|x86.Build.0 = Release|Any CPU
	EndGlobalSection
	GlobalSection(SolutionProperties) = preSolution
		HideSolutionNode = FALSE
	EndGlobalSection
	GlobalSection(NestedProjects) = preSolution
		{8C4EF9D1-F180-4FE4-BF59-056A73589865} = {9B639744-5B7A-4D1B-8DA5-5805AD12A9E1}
		{A0B05D44-B30E-4E71-B7DC-75B51F03936E} = {9B639744-5B7A-4D1B-8DA5-5805AD12A9E1}
		{323D3D31-AB68-4BD4-8F3F-BCE9BA9C9D2F} = {D2EE097C-38C9-4B26-817F-50502B098FAE}
		{D5E8CE43-8139-4B67-99C2-DFBD443C70CC} = {D2EE097C-38C9-4B26-817F-50502B098FAE}
		{20DB5A9F-B84A-4AB5-BB2D-689CF0DC79ED} = {D2EE097C-38C9-4B26-817F-50502B098FAE}
		{8D52C609-DC08-4112-8587-4B7D7AB416B8} = {642323E3-DBCE-4114-99BD-CB18A5B7A38E}
		{84B83218-561A-4C19-B305-51BDAAA245C7} = {642323E3-DBCE-4114-99BD-CB18A5B7A38E}
		{341F7517-234D-4D9B-A31C-11795C557A0B} = {642323E3-DBCE-4114-99BD-CB18A5B7A38E}
		{BED17D87-59FB-4D64-8562-4E8B3C57985B} = {642323E3-DBCE-4114-99BD-CB18A5B7A38E}
		{23705D22-1A85-471A-BD35-FBFA853C9FE8} = {642323E3-DBCE-4114-99BD-CB18A5B7A38E}
		{9C27C668-4F4E-4CB3-A184-F7D18F8F6319} = {84468390-D465-40DC-8857-EA44B556D76A}
		{3CE95176-1B18-42FC-9068-988CD6D2D4AD} = {6F1475A8-1685-4B00-9E27-EDC1B2F2E949}
		{7EA61649-408A-448F-B497-A45078BC395F} = {9B639744-5B7A-4D1B-8DA5-5805AD12A9E1}
		{40621147-74CF-4089-A6C0-8DE424B3CC09} = {9B639744-5B7A-4D1B-8DA5-5805AD12A9E1}
	EndGlobalSection
EndGlobal
